// !$*UTF8*$!
{
	archiveVersion = 1;
	classes = {
	};
	objectVersion = 46;
	objects = {

/* Begin PBXBuildFile section */
		36BB023C8E57BFC6E8BFDDC9 /* Pods_TextureExample.framework in Frameworks */ = {isa = PBXBuildFile; fileRef = B1F9F4214DA3773B5B975CCE /* Pods_TextureExample.framework */; };
		D4F309F92469412300676D04 /* Podfile in Resources */ = {isa = PBXBuildFile; fileRef = D4F309F82469412300676D04 /* Podfile */; };
		FBCB03F01E6F5C740072D1E6 /* AppDelegate.swift in Sources */ = {isa = PBXBuildFile; fileRef = FBCB03EF1E6F5C740072D1E6 /* AppDelegate.swift */; };
		FBCB03F21E6F5C740072D1E6 /* ViewController.swift in Sources */ = {isa = PBXBuildFile; fileRef = FBCB03F11E6F5C740072D1E6 /* ViewController.swift */; };
		FBCB03F71E6F5C740072D1E6 /* Assets.xcassets in Resources */ = {isa = PBXBuildFile; fileRef = FBCB03F61E6F5C740072D1E6 /* Assets.xcassets */; };
		FBCB03FA1E6F5C740072D1E6 /* LaunchScreen.storyboard in Resources */ = {isa = PBXBuildFile; fileRef = FBCB03F81E6F5C740072D1E6 /* LaunchScreen.storyboard */; };
/* End PBXBuildFile section */

/* Begin PBXFileReference section */
		413445684F29B3A4BA9FF688 /* Pods-TextureExample.debug.xcconfig */ = {isa = PBXFileReference; includeInIndex = 1; lastKnownFileType = text.xcconfig; name = "Pods-TextureExample.debug.xcconfig"; path = "Target Support Files/Pods-TextureExample/Pods-TextureExample.debug.xcconfig"; sourceTree = "<group>"; };
		B1F9F4214DA3773B5B975CCE /* Pods_TextureExample.framework */ = {isa = PBXFileReference; explicitFileType = wrapper.framework; includeInIndex = 0; path = Pods_TextureExample.framework; sourceTree = BUILT_PRODUCTS_DIR; };
		D4B43B4D60DFAB59E68A6181 /* Pods-TextureExample.release.xcconfig */ = {isa = PBXFileReference; includeInIndex = 1; lastKnownFileType = text.xcconfig; name = "Pods-TextureExample.release.xcconfig"; path = "Target Support Files/Pods-TextureExample/Pods-TextureExample.release.xcconfig"; sourceTree = "<group>"; };
		D4F309F82469412300676D04 /* Podfile */ = {isa = PBXFileReference; fileEncoding = 4; lastKnownFileType = text; path = Podfile; sourceTree = "<group>"; };
		FBCB03EC1E6F5C740072D1E6 /* TextureExample.app */ = {isa = PBXFileReference; explicitFileType = wrapper.application; includeInIndex = 0; path = TextureExample.app; sourceTree = BUILT_PRODUCTS_DIR; };
		FBCB03EF1E6F5C740072D1E6 /* AppDelegate.swift */ = {isa = PBXFileReference; lastKnownFileType = sourcecode.swift; path = AppDelegate.swift; sourceTree = "<group>"; };
		FBCB03F11E6F5C740072D1E6 /* ViewController.swift */ = {isa = PBXFileReference; lastKnownFileType = sourcecode.swift; path = ViewController.swift; sourceTree = "<group>"; };
		FBCB03F61E6F5C740072D1E6 /* Assets.xcassets */ = {isa = PBXFileReference; lastKnownFileType = folder.assetcatalog; path = Assets.xcassets; sourceTree = "<group>"; };
		FBCB03F91E6F5C740072D1E6 /* Base */ = {isa = PBXFileReference; lastKnownFileType = file.storyboard; name = Base; path = Base.lproj/LaunchScreen.storyboard; sourceTree = "<group>"; };
		FBCB03FB1E6F5C740072D1E6 /* Info.plist */ = {isa = PBXFileReference; lastKnownFileType = text.plist.xml; path = Info.plist; sourceTree = "<group>"; };
/* End PBXFileReference section */

/* Begin PBXFrameworksBuildPhase section */
		FBCB03E91E6F5C740072D1E6 /* Frameworks */ = {
			isa = PBXFrameworksBuildPhase;
			buildActionMask = 2147483647;
			files = (
				36BB023C8E57BFC6E8BFDDC9 /* Pods_TextureExample.framework in Frameworks */,
			);
			runOnlyForDeploymentPostprocessing = 0;
		};
/* End PBXFrameworksBuildPhase section */

/* Begin PBXGroup section */
		02FA8EC3D828FE1024366E59 /* Pods */ = {
			isa = PBXGroup;
			children = (
				413445684F29B3A4BA9FF688 /* Pods-TextureExample.debug.xcconfig */,
				D4B43B4D60DFAB59E68A6181 /* Pods-TextureExample.release.xcconfig */,
			);
			path = Pods;
			sourceTree = "<group>";
		};
		885851821BD42F52D72F6938 /* Frameworks */ = {
			isa = PBXGroup;
			children = (
				B1F9F4214DA3773B5B975CCE /* Pods_TextureExample.framework */,
			);
			name = Frameworks;
			sourceTree = "<group>";
		};
		FBCB03E31E6F5C740072D1E6 = {
			isa = PBXGroup;
			children = (
				D4F309F82469412300676D04 /* Podfile */,
				FBCB03EE1E6F5C740072D1E6 /* TextureExample */,
				FBCB03ED1E6F5C740072D1E6 /* Products */,
				02FA8EC3D828FE1024366E59 /* Pods */,
				885851821BD42F52D72F6938 /* Frameworks */,
			);
			sourceTree = "<group>";
		};
		FBCB03ED1E6F5C740072D1E6 /* Products */ = {
			isa = PBXGroup;
			children = (
				FBCB03EC1E6F5C740072D1E6 /* TextureExample.app */,
			);
			name = Products;
			sourceTree = "<group>";
		};
		FBCB03EE1E6F5C740072D1E6 /* TextureExample */ = {
			isa = PBXGroup;
			children = (
				FBCB03EF1E6F5C740072D1E6 /* AppDelegate.swift */,
				FBCB03F11E6F5C740072D1E6 /* ViewController.swift */,
				FBCB03F61E6F5C740072D1E6 /* Assets.xcassets */,
				FBCB03F81E6F5C740072D1E6 /* LaunchScreen.storyboard */,
				FBCB03FB1E6F5C740072D1E6 /* Info.plist */,
			);
			path = TextureExample;
			sourceTree = "<group>";
		};
/* End PBXGroup section */

/* Begin PBXNativeTarget section */
		FBCB03EB1E6F5C740072D1E6 /* TextureExample */ = {
			isa = PBXNativeTarget;
			buildConfigurationList = FBCB03FE1E6F5C740072D1E6 /* Build configuration list for PBXNativeTarget "TextureExample" */;
			buildPhases = (
				3C5D95AF58A7806F598C4C1E /* [CP] Check Pods Manifest.lock */,
				FBCB03E81E6F5C740072D1E6 /* Sources */,
				FBCB03E91E6F5C740072D1E6 /* Frameworks */,
				FBCB03EA1E6F5C740072D1E6 /* Resources */,
				C7845D0D44757D09F6C87808 /* [CP] Embed Pods Frameworks */,
			);
			buildRules = (
			);
			dependencies = (
			);
			name = TextureExample;
			productName = TextureExample;
			productReference = FBCB03EC1E6F5C740072D1E6 /* TextureExample.app */;
			productType = "com.apple.product-type.application";
		};
/* End PBXNativeTarget section */

/* Begin PBXProject section */
		FBCB03E41E6F5C740072D1E6 /* Project object */ = {
			isa = PBXProject;
			attributes = {
				LastSwiftUpdateCheck = 0820;
				LastUpgradeCheck = 1140;
				ORGANIZATIONNAME = ToMyLab;
				TargetAttributes = {
					FBCB03EB1E6F5C740072D1E6 = {
						CreatedOnToolsVersion = 8.2.1;
						DevelopmentTeam = X56K283DRM;
						ProvisioningStyle = Automatic;
					};
				};
			};
			buildConfigurationList = FBCB03E71E6F5C740072D1E6 /* Build configuration list for PBXProject "TextureExample" */;
			compatibilityVersion = "Xcode 3.2";
			developmentRegion = en;
			hasScannedForEncodings = 0;
			knownRegions = (
				en,
				Base,
			);
			mainGroup = FBCB03E31E6F5C740072D1E6;
			productRefGroup = FBCB03ED1E6F5C740072D1E6 /* Products */;
			projectDirPath = "";
			projectRoot = "";
			targets = (
				FBCB03EB1E6F5C740072D1E6 /* TextureExample */,
			);
		};
/* End PBXProject section */

/* Begin PBXResourcesBuildPhase section */
		FBCB03EA1E6F5C740072D1E6 /* Resources */ = {
			isa = PBXResourcesBuildPhase;
			buildActionMask = 2147483647;
			files = (
				D4F309F92469412300676D04 /* Podfile in Resources */,
				FBCB03FA1E6F5C740072D1E6 /* LaunchScreen.storyboard in Resources */,
				FBCB03F71E6F5C740072D1E6 /* Assets.xcassets in Resources */,
			);
			runOnlyForDeploymentPostprocessing = 0;
		};
/* End PBXResourcesBuildPhase section */

/* Begin PBXShellScriptBuildPhase section */
		3C5D95AF58A7806F598C4C1E /* [CP] Check Pods Manifest.lock */ = {
			isa = PBXShellScriptBuildPhase;
			buildActionMask = 2147483647;
			files = (
			);
			inputFileListPaths = (
			);
			inputPaths = (
				"${PODS_PODFILE_DIR_PATH}/Podfile.lock",
				"${PODS_ROOT}/Manifest.lock",
			);
			name = "[CP] Check Pods Manifest.lock";
			outputFileListPaths = (
			);
			outputPaths = (
				"$(DERIVED_FILE_DIR)/Pods-TextureExample-checkManifestLockResult.txt",
			);
			runOnlyForDeploymentPostprocessing = 0;
			shellPath = /bin/sh;
			shellScript = "diff \"${PODS_PODFILE_DIR_PATH}/Podfile.lock\" \"${PODS_ROOT}/Manifest.lock\" > /dev/null\nif [ $? != 0 ] ; then\n    # print error to STDERR\n    echo \"error: The sandbox is not in sync with the Podfile.lock. Run 'pod install' or update your CocoaPods installation.\" >&2\n    exit 1\nfi\n# This output is used by Xcode 'outputs' to avoid re-running this script phase.\necho \"SUCCESS\" > \"${SCRIPT_OUTPUT_FILE_0}\"\n";
			showEnvVarsInLog = 0;
		};
		C7845D0D44757D09F6C87808 /* [CP] Embed Pods Frameworks */ = {
			isa = PBXShellScriptBuildPhase;
			buildActionMask = 2147483647;
			files = (
			);
			inputPaths = (
				"${PODS_ROOT}/Target Support Files/Pods-TextureExample/Pods-TextureExample-frameworks.sh",
				"${BUILT_PRODUCTS_DIR}/PINCache/PINCache.framework",
				"${BUILT_PRODUCTS_DIR}/PINOperation/PINOperation.framework",
				"${BUILT_PRODUCTS_DIR}/PINRemoteImage/PINRemoteImage.framework",
				"${BUILT_PRODUCTS_DIR}/Texture/AsyncDisplayKit.framework",
			);
			name = "[CP] Embed Pods Frameworks";
			outputPaths = (
				"${TARGET_BUILD_DIR}/${FRAMEWORKS_FOLDER_PATH}/PINCache.framework",
				"${TARGET_BUILD_DIR}/${FRAMEWORKS_FOLDER_PATH}/PINOperation.framework",
				"${TARGET_BUILD_DIR}/${FRAMEWORKS_FOLDER_PATH}/PINRemoteImage.framework",
				"${TARGET_BUILD_DIR}/${FRAMEWORKS_FOLDER_PATH}/AsyncDisplayKit.framework",
			);
			runOnlyForDeploymentPostprocessing = 0;
			shellPath = /bin/sh;
			shellScript = "\"${PODS_ROOT}/Target Support Files/Pods-TextureExample/Pods-TextureExample-frameworks.sh\"\n";
			showEnvVarsInLog = 0;
		};
/* End PBXShellScriptBuildPhase section */

/* Begin PBXSourcesBuildPhase section */
		FBCB03E81E6F5C740072D1E6 /* Sources */ = {
			isa = PBXSourcesBuildPhase;
			buildActionMask = 2147483647;
			files = (
				FBCB03F21E6F5C740072D1E6 /* ViewController.swift in Sources */,
				FBCB03F01E6F5C740072D1E6 /* AppDelegate.swift in Sources */,
			);
			runOnlyForDeploymentPostprocessing = 0;
		};
/* End PBXSourcesBuildPhase section */

/* Begin PBXVariantGroup section */
		FBCB03F81E6F5C740072D1E6 /* LaunchScreen.storyboard */ = {
			isa = PBXVariantGroup;
			children = (
				FBCB03F91E6F5C740072D1E6 /* Base */,
			);
			name = LaunchScreen.storyboard;
			sourceTree = "<group>";
		};
/* End PBXVariantGroup section */

/* Begin XCBuildConfiguration section */
		FBCB03FC1E6F5C740072D1E6 /* Debug */ = {
			isa = XCBuildConfiguration;
			buildSettings = {
				ALWAYS_SEARCH_USER_PATHS = NO;
				CLANG_ANALYZER_LOCALIZABILITY_NONLOCALIZED = YES;
				CLANG_ANALYZER_NONNULL = YES;
				CLANG_CXX_LANGUAGE_STANDARD = "gnu++0x";
				CLANG_CXX_LIBRARY = "libc++";
				CLANG_ENABLE_MODULES = YES;
				CLANG_ENABLE_OBJC_ARC = YES;
				CLANG_WARN_BLOCK_CAPTURE_AUTORELEASING = YES;
				CLANG_WARN_BOOL_CONVERSION = YES;
				CLANG_WARN_COMMA = YES;
				CLANG_WARN_CONSTANT_CONVERSION = YES;
				CLANG_WARN_DEPRECATED_OBJC_IMPLEMENTATIONS = YES;
				CLANG_WARN_DIRECT_OBJC_ISA_USAGE = YES_ERROR;
				CLANG_WARN_DOCUMENTATION_COMMENTS = YES;
				CLANG_WARN_EMPTY_BODY = YES;
				CLANG_WARN_ENUM_CONVERSION = YES;
				CLANG_WARN_INFINITE_RECURSION = YES;
				CLANG_WARN_INT_CONVERSION = YES;
				CLANG_WARN_NON_LITERAL_NULL_CONVERSION = YES;
				CLANG_WARN_OBJC_IMPLICIT_RETAIN_SELF = YES;
				CLANG_WARN_OBJC_LITERAL_CONVERSION = YES;
				CLANG_WARN_OBJC_ROOT_CLASS = YES_ERROR;
				CLANG_WARN_RANGE_LOOP_ANALYSIS = YES;
				CLANG_WARN_STRICT_PROTOTYPES = YES;
				CLANG_WARN_SUSPICIOUS_MOVE = YES;
				CLANG_WARN_UNREACHABLE_CODE = YES;
				CLANG_WARN__DUPLICATE_METHOD_MATCH = YES;
				"CODE_SIGN_IDENTITY[sdk=iphoneos*]" = "iPhone Developer";
				COPY_PHASE_STRIP = NO;
				DEBUG_INFORMATION_FORMAT = dwarf;
				ENABLE_STRICT_OBJC_MSGSEND = YES;
				ENABLE_TESTABILITY = YES;
				GCC_C_LANGUAGE_STANDARD = gnu99;
				GCC_DYNAMIC_NO_PIC = NO;
				GCC_NO_COMMON_BLOCKS = YES;
				GCC_OPTIMIZATION_LEVEL = 0;
				GCC_PREPROCESSOR_DEFINITIONS = (
					"DEBUG=1",
					"$(inherited)",
				);
				GCC_WARN_64_TO_32_BIT_CONVERSION = YES;
				GCC_WARN_ABOUT_RETURN_TYPE = YES_ERROR;
				GCC_WARN_UNDECLARED_SELECTOR = YES;
				GCC_WARN_UNINITIALIZED_AUTOS = YES_AGGRESSIVE;
				GCC_WARN_UNUSED_FUNCTION = YES;
				GCC_WARN_UNUSED_VARIABLE = YES;
				IPHONEOS_DEPLOYMENT_TARGET = 10.2;
				MTL_ENABLE_DEBUG_INFO = YES;
				ONLY_ACTIVE_ARCH = YES;
				SDKROOT = iphoneos;
				SWIFT_ACTIVE_COMPILATION_CONDITIONS = DEBUG;
				SWIFT_OPTIMIZATION_LEVEL = "-Onone";
				TARGETED_DEVICE_FAMILY = "1,2";
			};
			name = Debug;
		};
		FBCB03FD1E6F5C740072D1E6 /* Release */ = {
			isa = XCBuildConfiguration;
			buildSettings = {
				ALWAYS_SEARCH_USER_PATHS = NO;
				CLANG_ANALYZER_LOCALIZABILITY_NONLOCALIZED = YES;
				CLANG_ANALYZER_NONNULL = YES;
				CLANG_CXX_LANGUAGE_STANDARD = "gnu++0x";
				CLANG_CXX_LIBRARY = "libc++";
				CLANG_ENABLE_MODULES = YES;
				CLANG_ENABLE_OBJC_ARC = YES;
				CLANG_WARN_BLOCK_CAPTURE_AUTORELEASING = YES;
				CLANG_WARN_BOOL_CONVERSION = YES;
				CLANG_WARN_COMMA = YES;
				CLANG_WARN_CONSTANT_CONVERSION = YES;
				CLANG_WARN_DEPRECATED_OBJC_IMPLEMENTATIONS = YES;
				CLANG_WARN_DIRECT_OBJC_ISA_USAGE = YES_ERROR;
				CLANG_WARN_DOCUMENTATION_COMMENTS = YES;
				CLANG_WARN_EMPTY_BODY = YES;
				CLANG_WARN_ENUM_CONVERSION = YES;
				CLANG_WARN_INFINITE_RECURSION = YES;
				CLANG_WARN_INT_CONVERSION = YES;
				CLANG_WARN_NON_LITERAL_NULL_CONVERSION = YES;
				CLANG_WARN_OBJC_IMPLICIT_RETAIN_SELF = YES;
				CLANG_WARN_OBJC_LITERAL_CONVERSION = YES;
				CLANG_WARN_OBJC_ROOT_CLASS = YES_ERROR;
				CLANG_WARN_RANGE_LOOP_ANALYSIS = YES;
				CLANG_WARN_STRICT_PROTOTYPES = YES;
				CLANG_WARN_SUSPICIOUS_MOVE = YES;
				CLANG_WARN_UNREACHABLE_CODE = YES;
				CLANG_WARN__DUPLICATE_METHOD_MATCH = YES;
				"CODE_SIGN_IDENTITY[sdk=iphoneos*]" = "iPhone Developer";
				COPY_PHASE_STRIP = NO;
				DEBUG_INFORMATION_FORMAT = "dwarf-with-dsym";
				ENABLE_NS_ASSERTIONS = NO;
				ENABLE_STRICT_OBJC_MSGSEND = YES;
				GCC_C_LANGUAGE_STANDARD = gnu99;
				GCC_NO_COMMON_BLOCKS = YES;
				GCC_WARN_64_TO_32_BIT_CONVERSION = YES;
				GCC_WARN_ABOUT_RETURN_TYPE = YES_ERROR;
				GCC_WARN_UNDECLARED_SELECTOR = YES;
				GCC_WARN_UNINITIALIZED_AUTOS = YES_AGGRESSIVE;
				GCC_WARN_UNUSED_FUNCTION = YES;
				GCC_WARN_UNUSED_VARIABLE = YES;
				IPHONEOS_DEPLOYMENT_TARGET = 10.2;
				MTL_ENABLE_DEBUG_INFO = NO;
				SDKROOT = iphoneos;
				SWIFT_OPTIMIZATION_LEVEL = "-Owholemodule";
				TARGETED_DEVICE_FAMILY = "1,2";
				VALIDATE_PRODUCT = YES;
			};
			name = Release;
		};
		FBCB03FF1E6F5C740072D1E6 /* Debug */ = {
			isa = XCBuildConfiguration;
			baseConfigurationReference = 413445684F29B3A4BA9FF688 /* Pods-TextureExample.debug.xcconfig */;
			buildSettings = {
				ASSETCATALOG_COMPILER_APPICON_NAME = AppIcon;
				DEVELOPMENT_TEAM = X56K283DRM;
				INFOPLIST_FILE = TextureExample/Info.plist;
				LD_RUNPATH_SEARCH_PATHS = "$(inherited) @executable_path/Frameworks";
				PRODUCT_BUNDLE_IDENTIFIER = net.easybizy.TextureExample;
				PRODUCT_NAME = "$(TARGET_NAME)";
				SWIFT_VERSION = 5.0;
			};
			name = Debug;
		};
		FBCB04001E6F5C740072D1E6 /* Release */ = {
			isa = XCBuildConfiguration;
			baseConfigurationReference = D4B43B4D60DFAB59E68A6181 /* Pods-TextureExample.release.xcconfig */;
			buildSettings = {
				ASSETCATALOG_COMPILER_APPICON_NAME = AppIcon;
				DEVELOPMENT_TEAM = X56K283DRM;
				INFOPLIST_FILE = TextureExample/Info.plist;
				LD_RUNPATH_SEARCH_PATHS = "$(inherited) @executable_path/Frameworks";
				PRODUCT_BUNDLE_IDENTIFIER = net.easybizy.TextureExample;
				PRODUCT_NAME = "$(TARGET_NAME)";
				SWIFT_VERSION = 5.0;
			};
			name = Release;
		};
/* End XCBuildConfiguration section */

/* Begin XCConfigurationList section */
		FBCB03E71E6F5C740072D1E6 /* Build configuration list for PBXProject "TextureExample" */ = {
			isa = XCConfigurationList;
			buildConfigurations = (
				FBCB03FC1E6F5C740072D1E6 /* Debug */,
				FBCB03FD1E6F5C740072D1E6 /* Release */,
			);
			defaultConfigurationIsVisible = 0;
			defaultConfigurationName = Release;
		};
		FBCB03FE1E6F5C740072D1E6 /* Build configuration list for PBXNativeTarget "TextureExample" */ = {
			isa = XCConfigurationList;
			buildConfigurations = (
				FBCB03FF1E6F5C740072D1E6 /* Debug */,
				FBCB04001E6F5C740072D1E6 /* Release */,
			);
			defaultConfigurationIsVisible = 0;
			defaultConfigurationName = Release;
		};
/* End XCConfigurationList section */
	};
	rootObject = FBCB03E41E6F5C740072D1E6 /* Project object */;
}
